
Microsoft Visual Studio Solution File, Format Version 12.00
# Visual Studio Version 17
VisualStudioVersion = 17.14.36518.9 d17.14
MinimumVisualStudioVersion = 10.0.40219.1
Project("{FAE04EC0-301F-11D3-BF4B-00C04F79EFBC}") = "Othello", "Othello\Othello.csproj", "{A84BEC1B-C402-4803-B6DF-B205613DE5AD}"
EndProject
Global
	GlobalSection(SolutionConfigurationPlatforms) = preSolution
		Debug|Any CPU = Debug|Any CPU
		Release|Any CPU = Release|Any CPU
	EndGlobalSection
	GlobalSection(ProjectConfigurationPlatforms) = postSolution
		{A84BEC1B-C402-4803-B6DF-B205613DE5AD}.Debug|Any CPU.ActiveCfg = Debug|Any CPU
		{A84BEC1B-C402-4803-B6DF-B205613DE5AD}.Debug|Any CPU.Build.0 = Debug|Any CPU
		{A84BEC1B-C402-4803-B6DF-B205613DE5AD}.Release|Any CPU.ActiveCfg = Release|Any CPU
		{A84BEC1B-C402-4803-B6DF-B205613DE5AD}.Release|Any CPU.Build.0 = Release|Any CPU
	EndGlobalSection
	GlobalSection(SolutionProperties) = preSolution
		HideSolutionNode = FALSE
	EndGlobalSection
	GlobalSection(ExtensibilityGlobals) = postSolution
		SolutionGuid = {B53AEA8B-82E0-44C9-9832-380A0DD6D546}
	EndGlobalSection
EndGlobal
